
Microsoft Visual Studio Solution File, Format Version 11.00
# Visual Studio 2010
Project("{FAE04EC0-301F-11D3-BF4B-00C04F79EFBC}") = "numericUpDownKonusu", "numericUpDownKonusu\numericUpDownKonusu.csproj", "{AF4C5400-2CA0-4435-9172-A9C931DC051A}"
EndProject
Global
	GlobalSection(SolutionConfigurationPlatforms) = preSolution
		Debug|x86 = Debug|x86
		Release|x86 = Release|x86
	EndGlobalSection
	GlobalSection(ProjectConfigurationPlatforms) = postSolution
		{AF4C5400-2CA0-4435-9172-A9C931DC051A}.Debug|x86.ActiveCfg = Debug|x86
		{AF4C5400-2CA0-4435-9172-A9C931DC051A}.Debug|x86.Build.0 = Debug|x86
		{AF4C5400-2CA0-4435-9172-A9C931DC051A}.Release|x86.ActiveCfg = Release|x86
		{AF4C5400-2CA0-4435-9172-A9C931DC051A}.Release|x86.Build.0 = Release|x86
	EndGlobalSection
	GlobalSection(SolutionProperties) = preSolution
		HideSolutionNode = FALSE
	EndGlobalSection
EndGlobal
