
Microsoft Visual Studio Solution File, Format Version 11.00
# Visual Studio 2010
Project("{FAE04EC0-301F-11D3-BF4B-00C04F79EFBC}") = "login", "login\login.csproj", "{92C1343F-7A9F-4AD8-82F2-B19F45B9B79A}"
EndProject
Global
	GlobalSection(SolutionConfigurationPlatforms) = preSolution
		Debug|x86 = Debug|x86
		Release|x86 = Release|x86
	EndGlobalSection
	GlobalSection(ProjectConfigurationPlatforms) = postSolution
		{92C1343F-7A9F-4AD8-82F2-B19F45B9B79A}.Debug|x86.ActiveCfg = Debug|x86
		{92C1343F-7A9F-4AD8-82F2-B19F45B9B79A}.Debug|x86.Build.0 = Debug|x86
		{92C1343F-7A9F-4AD8-82F2-B19F45B9B79A}.Release|x86.ActiveCfg = Release|x86
		{92C1343F-7A9F-4AD8-82F2-B19F45B9B79A}.Release|x86.Build.0 = Release|x86
	EndGlobalSection
	GlobalSection(SolutionProperties) = preSolution
		HideSolutionNode = FALSE
	EndGlobalSection
EndGlobal
