
Microsoft Visual Studio Solution File, Format Version 11.00
# Visual C# Express 2010
Project("{FAE04EC0-301F-11D3-BF4B-00C04F79EFBC}") = "WindowsFormsApplication1", "WindowsFormsApplication1\WindowsFormsApplication1.csproj", "{E611F5A2-5599-4A89-8A01-042945ADEC8C}"
EndProject
Global
	GlobalSection(SolutionConfigurationPlatforms) = preSolution
		Debug|x86 = Debug|x86
		Release|x86 = Release|x86
	EndGlobalSection
	GlobalSection(ProjectConfigurationPlatforms) = postSolution
		{E611F5A2-5599-4A89-8A01-042945ADEC8C}.Debug|x86.ActiveCfg = Debug|x86
		{E611F5A2-5599-4A89-8A01-042945ADEC8C}.Debug|x86.Build.0 = Debug|x86
		{E611F5A2-5599-4A89-8A01-042945ADEC8C}.Release|x86.ActiveCfg = Release|x86
		{E611F5A2-5599-4A89-8A01-042945ADEC8C}.Release|x86.Build.0 = Release|x86
	EndGlobalSection
	GlobalSection(SolutionProperties) = preSolution
		HideSolutionNode = FALSE
	EndGlobalSection
EndGlobal
